// !$*UTF8*$!
{
	archiveVersion = 1;
	classes = {
	};
	objectVersion = 50;
	objects = {

/* Begin PBXBuildFile section */
		C79DB313CF49751DCDD313DF /* Pods_avia_hack.framework in Frameworks */ = {isa = PBXBuildFile; fileRef = CF1724384FB723A00E836D69 /* Pods_avia_hack.framework */; };
		EB0DC40422589D0400E90F68 /* aliene.scn in Resources */ = {isa = PBXBuildFile; fileRef = EB0DC40322589CBE00E90F68 /* aliene.scn */; };
		EB0EFADE2259C561004B57AC /* Explode.scnp in Resources */ = {isa = PBXBuildFile; fileRef = EB0EFADD2259C561004B57AC /* Explode.scnp */; };
		EB0EFAE02259D05E004B57AC /* Sock.swift in Sources */ = {isa = PBXBuildFile; fileRef = EB0EFADF2259D05E004B57AC /* Sock.swift */; };
		EB394AF32258927000633DD6 /* AppDelegate.swift in Sources */ = {isa = PBXBuildFile; fileRef = EB394AF22258927000633DD6 /* AppDelegate.swift */; };
		EB394AF52258927000633DD6 /* art.scnassets in Resources */ = {isa = PBXBuildFile; fileRef = EB394AF42258927000633DD6 /* art.scnassets */; };
		EB394AF72258927000633DD6 /* ViewController.swift in Sources */ = {isa = PBXBuildFile; fileRef = EB394AF62258927000633DD6 /* ViewController.swift */; };
		EB394AFA2258927000633DD6 /* Main.storyboard in Resources */ = {isa = PBXBuildFile; fileRef = EB394AF82258927000633DD6 /* Main.storyboard */; };
		EB394AFC2258927200633DD6 /* Assets.xcassets in Resources */ = {isa = PBXBuildFile; fileRef = EB394AFB2258927200633DD6 /* Assets.xcassets */; };
		EB394AFF2258927200633DD6 /* LaunchScreen.storyboard in Resources */ = {isa = PBXBuildFile; fileRef = EB394AFD2258927200633DD6 /* LaunchScreen.storyboard */; };
		EBDB6B122258A2AE00619C55 /* megoScene.scn in Resources */ = {isa = PBXBuildFile; fileRef = EBDB6B112258A2AE00619C55 /* megoScene.scn */; };
/* End PBXBuildFile section */

/* Begin PBXFileReference section */
		4BED519FA7FD198B0E56D173 /* Pods-avia_hack.release.xcconfig */ = {isa = PBXFileReference; includeInIndex = 1; lastKnownFileType = text.xcconfig; name = "Pods-avia_hack.release.xcconfig"; path = "Pods/Target Support Files/Pods-avia_hack/Pods-avia_hack.release.xcconfig"; sourceTree = "<group>"; };
		904888A9FB31358791059330 /* Pods-avia_hack.debug.xcconfig */ = {isa = PBXFileReference; includeInIndex = 1; lastKnownFileType = text.xcconfig; name = "Pods-avia_hack.debug.xcconfig"; path = "Pods/Target Support Files/Pods-avia_hack/Pods-avia_hack.debug.xcconfig"; sourceTree = "<group>"; };
		CF1724384FB723A00E836D69 /* Pods_avia_hack.framework */ = {isa = PBXFileReference; explicitFileType = wrapper.framework; includeInIndex = 0; path = Pods_avia_hack.framework; sourceTree = BUILT_PRODUCTS_DIR; };
		EB0DC40322589CBE00E90F68 /* aliene.scn */ = {isa = PBXFileReference; lastKnownFileType = file.bplist; path = aliene.scn; sourceTree = "<group>"; };
		EB0EFADD2259C561004B57AC /* Explode.scnp */ = {isa = PBXFileReference; lastKnownFileType = file.scp; path = Explode.scnp; sourceTree = "<group>"; };
		EB0EFADF2259D05E004B57AC /* Sock.swift */ = {isa = PBXFileReference; fileEncoding = 4; lastKnownFileType = sourcecode.swift; path = Sock.swift; sourceTree = "<group>"; };
		EB394AEF2258927000633DD6 /* avia_hack.app */ = {isa = PBXFileReference; explicitFileType = wrapper.application; includeInIndex = 0; path = avia_hack.app; sourceTree = BUILT_PRODUCTS_DIR; };
		EB394AF22258927000633DD6 /* AppDelegate.swift */ = {isa = PBXFileReference; lastKnownFileType = sourcecode.swift; path = AppDelegate.swift; sourceTree = "<group>"; };
		EB394AF42258927000633DD6 /* art.scnassets */ = {isa = PBXFileReference; lastKnownFileType = wrapper.scnassets; path = art.scnassets; sourceTree = "<group>"; };
		EB394AF62258927000633DD6 /* ViewController.swift */ = {isa = PBXFileReference; lastKnownFileType = sourcecode.swift; path = ViewController.swift; sourceTree = "<group>"; };
		EB394AF92258927000633DD6 /* Base */ = {isa = PBXFileReference; lastKnownFileType = file.storyboard; name = Base; path = Base.lproj/Main.storyboard; sourceTree = "<group>"; };
		EB394AFB2258927200633DD6 /* Assets.xcassets */ = {isa = PBXFileReference; lastKnownFileType = folder.assetcatalog; path = Assets.xcassets; sourceTree = "<group>"; };
		EB394AFE2258927200633DD6 /* Base */ = {isa = PBXFileReference; lastKnownFileType = file.storyboard; name = Base; path = Base.lproj/LaunchScreen.storyboard; sourceTree = "<group>"; };
		EB394B002258927200633DD6 /* Info.plist */ = {isa = PBXFileReference; lastKnownFileType = text.plist.xml; path = Info.plist; sourceTree = "<group>"; };
		EB6A79902258AB900065FFF5 /* cassini.scn */ = {isa = PBXFileReference; lastKnownFileType = file.bplist; path = cassini.scn; sourceTree = "<group>"; };
		EB6A79932258AED10065FFF5 /* spaceshipturret.scn */ = {isa = PBXFileReference; lastKnownFileType = file.bplist; path = spaceshipturret.scn; sourceTree = "<group>"; };
		EBDB6B112258A2AE00619C55 /* megoScene.scn */ = {isa = PBXFileReference; lastKnownFileType = file.bplist; path = megoScene.scn; sourceTree = "<group>"; };
/* End PBXFileReference section */

/* Begin PBXFrameworksBuildPhase section */
		EB394AEC2258927000633DD6 /* Frameworks */ = {
			isa = PBXFrameworksBuildPhase;
			buildActionMask = 2147483647;
			files = (
				C79DB313CF49751DCDD313DF /* Pods_avia_hack.framework in Frameworks */,
			);
			runOnlyForDeploymentPostprocessing = 0;
		};
/* End PBXFrameworksBuildPhase section */

/* Begin PBXGroup section */
		4D301EE19D5CC06D81F6FEC4 /* Frameworks */ = {
			isa = PBXGroup;
			children = (
				CF1724384FB723A00E836D69 /* Pods_avia_hack.framework */,
			);
			name = Frameworks;
			sourceTree = "<group>";
		};
		B51049A4C6EBD1A344BA354D /* Pods */ = {
			isa = PBXGroup;
			children = (
				904888A9FB31358791059330 /* Pods-avia_hack.debug.xcconfig */,
				4BED519FA7FD198B0E56D173 /* Pods-avia_hack.release.xcconfig */,
			);
			name = Pods;
			sourceTree = "<group>";
		};
		EB394AE62258927000633DD6 = {
			isa = PBXGroup;
			children = (
				EB394AF12258927000633DD6 /* avia_hack */,
				EB394AF02258927000633DD6 /* Products */,
				B51049A4C6EBD1A344BA354D /* Pods */,
				4D301EE19D5CC06D81F6FEC4 /* Frameworks */,
			);
			sourceTree = "<group>";
		};
		EB394AF02258927000633DD6 /* Products */ = {
			isa = PBXGroup;
			children = (
				EB394AEF2258927000633DD6 /* avia_hack.app */,
			);
			name = Products;
			sourceTree = "<group>";
		};
		EB394AF12258927000633DD6 /* avia_hack */ = {
			isa = PBXGroup;
			children = (
				EB0EFADD2259C561004B57AC /* Explode.scnp */,
				EB6A79932258AED10065FFF5 /* spaceshipturret.scn */,
				EB6A79902258AB900065FFF5 /* cassini.scn */,
				EB0DC40322589CBE00E90F68 /* aliene.scn */,
				EB394AF22258927000633DD6 /* AppDelegate.swift */,
				EB394AF42258927000633DD6 /* art.scnassets */,
				EB394AF62258927000633DD6 /* ViewController.swift */,
				EB0EFADF2259D05E004B57AC /* Sock.swift */,
				EB394AF82258927000633DD6 /* Main.storyboard */,
				EB394AFB2258927200633DD6 /* Assets.xcassets */,
				EB394AFD2258927200633DD6 /* LaunchScreen.storyboard */,
				EB394B002258927200633DD6 /* Info.plist */,
				EBDB6B112258A2AE00619C55 /* megoScene.scn */,
			);
			path = avia_hack;
			sourceTree = "<group>";
		};
/* End PBXGroup section */

/* Begin PBXNativeTarget section */
		EB394AEE2258927000633DD6 /* avia_hack */ = {
			isa = PBXNativeTarget;
			buildConfigurationList = EB394B032258927200633DD6 /* Build configuration list for PBXNativeTarget "avia_hack" */;
			buildPhases = (
				6BE08403587196C7B38CAA82 /* [CP] Check Pods Manifest.lock */,
				EB394AEB2258927000633DD6 /* Sources */,
				EB394AEC2258927000633DD6 /* Frameworks */,
				EB394AED2258927000633DD6 /* Resources */,
				5938E7460FA430A54C904069 /* [CP] Embed Pods Frameworks */,
			);
			buildRules = (
			);
			dependencies = (
			);
			name = avia_hack;
			productName = avia_hack;
			productReference = EB394AEF2258927000633DD6 /* avia_hack.app */;
			productType = "com.apple.product-type.application";
		};
/* End PBXNativeTarget section */

/* Begin PBXProject section */
		EB394AE72258927000633DD6 /* Project object */ = {
			isa = PBXProject;
			attributes = {
				LastSwiftUpdateCheck = 1020;
				LastUpgradeCheck = 1020;
				ORGANIZATIONNAME = "-";
				TargetAttributes = {
					EB394AEE2258927000633DD6 = {
						CreatedOnToolsVersion = 10.2;
					};
				};
			};
			buildConfigurationList = EB394AEA2258927000633DD6 /* Build configuration list for PBXProject "avia_hack" */;
			compatibilityVersion = "Xcode 9.3";
			developmentRegion = en;
			hasScannedForEncodings = 0;
			knownRegions = (
				en,
				Base,
			);
			mainGroup = EB394AE62258927000633DD6;
			productRefGroup = EB394AF02258927000633DD6 /* Products */;
			projectDirPath = "";
			projectRoot = "";
			targets = (
				EB394AEE2258927000633DD6 /* avia_hack */,
			);
		};
/* End PBXProject section */

/* Begin PBXResourcesBuildPhase section */
		EB394AED2258927000633DD6 /* Resources */ = {
			isa = PBXResourcesBuildPhase;
			buildActionMask = 2147483647;
			files = (
				EB394AF52258927000633DD6 /* art.scnassets in Resources */,
				EB394AFF2258927200633DD6 /* LaunchScreen.storyboard in Resources */,
				EB394AFC2258927200633DD6 /* Assets.xcassets in Resources */,
				EB394AFA2258927000633DD6 /* Main.storyboard in Resources */,
				EB0DC40422589D0400E90F68 /* aliene.scn in Resources */,
				EB0EFADE2259C561004B57AC /* Explode.scnp in Resources */,
				EBDB6B122258A2AE00619C55 /* megoScene.scn in Resources */,
			);
			runOnlyForDeploymentPostprocessing = 0;
		};
/* End PBXResourcesBuildPhase section */

/* Begin PBXShellScriptBuildPhase section */
		5938E7460FA430A54C904069 /* [CP] Embed Pods Frameworks */ = {
			isa = PBXShellScriptBuildPhase;
			buildActionMask = 2147483647;
			files = (
			);
			inputPaths = (
				"${SRCROOT}/Pods/Target Support Files/Pods-avia_hack/Pods-avia_hack-frameworks.sh",
				"${BUILT_PRODUCTS_DIR}/Socket.IO-Client-Swift/SocketIO.framework",
				"${BUILT_PRODUCTS_DIR}/Starscream/Starscream.framework",
			);
			name = "[CP] Embed Pods Frameworks";
			outputPaths = (
				"${TARGET_BUILD_DIR}/${FRAMEWORKS_FOLDER_PATH}/SocketIO.framework",
				"${TARGET_BUILD_DIR}/${FRAMEWORKS_FOLDER_PATH}/Starscream.framework",
			);
			runOnlyForDeploymentPostprocessing = 0;
			shellPath = /bin/sh;
			shellScript = "\"${SRCROOT}/Pods/Target Support Files/Pods-avia_hack/Pods-avia_hack-frameworks.sh\"\n";
			showEnvVarsInLog = 0;
		};
		6BE08403587196C7B38CAA82 /* [CP] Check Pods Manifest.lock */ = {
			isa = PBXShellScriptBuildPhase;
			buildActionMask = 2147483647;
			files = (
			);
			inputPaths = (
				"${PODS_PODFILE_DIR_PATH}/Podfile.lock",
				"${PODS_ROOT}/Manifest.lock",
			);
			name = "[CP] Check Pods Manifest.lock";
			outputPaths = (
				"$(DERIVED_FILE_DIR)/Pods-avia_hack-checkManifestLockResult.txt",
			);
			runOnlyForDeploymentPostprocessing = 0;
			shellPath = /bin/sh;
			shellScript = "diff \"${PODS_PODFILE_DIR_PATH}/Podfile.lock\" \"${PODS_ROOT}/Manifest.lock\" > /dev/null\nif [ $? != 0 ] ; then\n    # print error to STDERR\n    echo \"error: The sandbox is not in sync with the Podfile.lock. Run 'pod install' or update your CocoaPods installation.\" >&2\n    exit 1\nfi\n# This output is used by Xcode 'outputs' to avoid re-running this script phase.\necho \"SUCCESS\" > \"${SCRIPT_OUTPUT_FILE_0}\"\n";
			showEnvVarsInLog = 0;
		};
/* End PBXShellScriptBuildPhase section */

/* Begin PBXSourcesBuildPhase section */
		EB394AEB2258927000633DD6 /* Sources */ = {
			isa = PBXSourcesBuildPhase;
			buildActionMask = 2147483647;
			files = (
				EB0EFAE02259D05E004B57AC /* Sock.swift in Sources */,
				EB394AF72258927000633DD6 /* ViewController.swift in Sources */,
				EB394AF32258927000633DD6 /* AppDelegate.swift in Sources */,
			);
			runOnlyForDeploymentPostprocessing = 0;
		};
/* End PBXSourcesBuildPhase section */

/* Begin PBXVariantGroup section */
		EB394AF82258927000633DD6 /* Main.storyboard */ = {
			isa = PBXVariantGroup;
			children = (
				EB394AF92258927000633DD6 /* Base */,
			);
			name = Main.storyboard;
			sourceTree = "<group>";
		};
		EB394AFD2258927200633DD6 /* LaunchScreen.storyboard */ = {
			isa = PBXVariantGroup;
			children = (
				EB394AFE2258927200633DD6 /* Base */,
			);
			name = LaunchScreen.storyboard;
			sourceTree = "<group>";
		};
/* End PBXVariantGroup section */

/* Begin XCBuildConfiguration section */
		EB394B012258927200633DD6 /* Debug */ = {
			isa = XCBuildConfiguration;
			buildSettings = {
				ALWAYS_SEARCH_USER_PATHS = NO;
				CLANG_ANALYZER_NONNULL = YES;
				CLANG_ANALYZER_NUMBER_OBJECT_CONVERSION = YES_AGGRESSIVE;
				CLANG_CXX_LANGUAGE_STANDARD = "gnu++14";
				CLANG_CXX_LIBRARY = "libc++";
				CLANG_ENABLE_MODULES = YES;
				CLANG_ENABLE_OBJC_ARC = YES;
				CLANG_ENABLE_OBJC_WEAK = YES;
				CLANG_WARN_BLOCK_CAPTURE_AUTORELEASING = YES;
				CLANG_WARN_BOOL_CONVERSION = YES;
				CLANG_WARN_COMMA = YES;
				CLANG_WARN_CONSTANT_CONVERSION = YES;
				CLANG_WARN_DEPRECATED_OBJC_IMPLEMENTATIONS = YES;
				CLANG_WARN_DIRECT_OBJC_ISA_USAGE = YES_ERROR;
				CLANG_WARN_DOCUMENTATION_COMMENTS = YES;
				CLANG_WARN_EMPTY_BODY = YES;
				CLANG_WARN_ENUM_CONVERSION = YES;
				CLANG_WARN_INFINITE_RECURSION = YES;
				CLANG_WARN_INT_CONVERSION = YES;
				CLANG_WARN_NON_LITERAL_NULL_CONVERSION = YES;
				CLANG_WARN_OBJC_IMPLICIT_RETAIN_SELF = YES;
				CLANG_WARN_OBJC_LITERAL_CONVERSION = YES;
				CLANG_WARN_OBJC_ROOT_CLASS = YES_ERROR;
				CLANG_WARN_RANGE_LOOP_ANALYSIS = YES;
				CLANG_WARN_STRICT_PROTOTYPES = YES;
				CLANG_WARN_SUSPICIOUS_MOVE = YES;
				CLANG_WARN_UNGUARDED_AVAILABILITY = YES_AGGRESSIVE;
				CLANG_WARN_UNREACHABLE_CODE = YES;
				CLANG_WARN__DUPLICATE_METHOD_MATCH = YES;
				CODE_SIGN_IDENTITY = "iPhone Developer";
				COPY_PHASE_STRIP = NO;
				DEBUG_INFORMATION_FORMAT = dwarf;
				ENABLE_STRICT_OBJC_MSGSEND = YES;
				ENABLE_TESTABILITY = YES;
				GCC_C_LANGUAGE_STANDARD = gnu11;
				GCC_DYNAMIC_NO_PIC = NO;
				GCC_NO_COMMON_BLOCKS = YES;
				GCC_OPTIMIZATION_LEVEL = 0;
				GCC_PREPROCESSOR_DEFINITIONS = (
					"DEBUG=1",
					"$(inherited)",
				);
				GCC_WARN_64_TO_32_BIT_CONVERSION = YES;
				GCC_WARN_ABOUT_RETURN_TYPE = YES_ERROR;
				GCC_WARN_UNDECLARED_SELECTOR = YES;
				GCC_WARN_UNINITIALIZED_AUTOS = YES_AGGRESSIVE;
				GCC_WARN_UNUSED_FUNCTION = YES;
				GCC_WARN_UNUSED_VARIABLE = YES;
				IPHONEOS_DEPLOYMENT_TARGET = 12.2;
				MTL_ENABLE_DEBUG_INFO = INCLUDE_SOURCE;
				MTL_FAST_MATH = YES;
				ONLY_ACTIVE_ARCH = YES;
				SDKROOT = iphoneos;
				SWIFT_ACTIVE_COMPILATION_CONDITIONS = DEBUG;
				SWIFT_OPTIMIZATION_LEVEL = "-Onone";
			};
			name = Debug;
		};
		EB394B022258927200633DD6 /* Release */ = {
			isa = XCBuildConfiguration;
			buildSettings = {
				ALWAYS_SEARCH_USER_PATHS = NO;
				CLANG_ANALYZER_NONNULL = YES;
				CLANG_ANALYZER_NUMBER_OBJECT_CONVERSION = YES_AGGRESSIVE;
				CLANG_CXX_LANGUAGE_STANDARD = "gnu++14";
				CLANG_CXX_LIBRARY = "libc++";
				CLANG_ENABLE_MODULES = YES;
				CLANG_ENABLE_OBJC_ARC = YES;
				CLANG_ENABLE_OBJC_WEAK = YES;
				CLANG_WARN_BLOCK_CAPTURE_AUTORELEASING = YES;
				CLANG_WARN_BOOL_CONVERSION = YES;
				CLANG_WARN_COMMA = YES;
				CLANG_WARN_CONSTANT_CONVERSION = YES;
				CLANG_WARN_DEPRECATED_OBJC_IMPLEMENTATIONS = YES;
				CLANG_WARN_DIRECT_OBJC_ISA_USAGE = YES_ERROR;
				CLANG_WARN_DOCUMENTATION_COMMENTS = YES;
				CLANG_WARN_EMPTY_BODY = YES;
				CLANG_WARN_ENUM_CONVERSION = YES;
				CLANG_WARN_INFINITE_RECURSION = YES;
				CLANG_WARN_INT_CONVERSION = YES;
				CLANG_WARN_NON_LITERAL_NULL_CONVERSION = YES;
				CLANG_WARN_OBJC_IMPLICIT_RETAIN_SELF = YES;
				CLANG_WARN_OBJC_LITERAL_CONVERSION = YES;
				CLANG_WARN_OBJC_ROOT_CLASS = YES_ERROR;
				CLANG_WARN_RANGE_LOOP_ANALYSIS = YES;
				CLANG_WARN_STRICT_PROTOTYPES = YES;
				CLANG_WARN_SUSPICIOUS_MOVE = YES;
				CLANG_WARN_UNGUARDED_AVAILABILITY = YES_AGGRESSIVE;
				CLANG_WARN_UNREACHABLE_CODE = YES;
				CLANG_WARN__DUPLICATE_METHOD_MATCH = YES;
				CODE_SIGN_IDENTITY = "iPhone Developer";
				COPY_PHASE_STRIP = NO;
				DEBUG_INFORMATION_FORMAT = "dwarf-with-dsym";
				ENABLE_NS_ASSERTIONS = NO;
				ENABLE_STRICT_OBJC_MSGSEND = YES;
				GCC_C_LANGUAGE_STANDARD = gnu11;
				GCC_NO_COMMON_BLOCKS = YES;
				GCC_WARN_64_TO_32_BIT_CONVERSION = YES;
				GCC_WARN_ABOUT_RETURN_TYPE = YES_ERROR;
				GCC_WARN_UNDECLARED_SELECTOR = YES;
				GCC_WARN_UNINITIALIZED_AUTOS = YES_AGGRESSIVE;
				GCC_WARN_UNUSED_FUNCTION = YES;
				GCC_WARN_UNUSED_VARIABLE = YES;
				IPHONEOS_DEPLOYMENT_TARGET = 12.2;
				MTL_ENABLE_DEBUG_INFO = NO;
				MTL_FAST_MATH = YES;
				SDKROOT = iphoneos;
				SWIFT_COMPILATION_MODE = wholemodule;
				SWIFT_OPTIMIZATION_LEVEL = "-O";
				VALIDATE_PRODUCT = YES;
			};
			name = Release;
		};
		EB394B042258927200633DD6 /* Debug */ = {
			isa = XCBuildConfiguration;
			baseConfigurationReference = 904888A9FB31358791059330 /* Pods-avia_hack.debug.xcconfig */;
			buildSettings = {
				ASSETCATALOG_COMPILER_APPICON_NAME = AppIcon;
				CODE_SIGN_STYLE = Automatic;
				DEVELOPMENT_TEAM = 4G9ZKADQEE;
				INFOPLIST_FILE = avia_hack/Info.plist;
				LD_RUNPATH_SEARCH_PATHS = (
					"$(inherited)",
					"@executable_path/Frameworks",
				);
				PRODUCT_BUNDLE_IDENTIFIER = "gnezdilov-d.avia-hack";
				PRODUCT_NAME = "$(TARGET_NAME)";
				SWIFT_VERSION = 5.0;
				TARGETED_DEVICE_FAMILY = "1,2";
			};
			name = Debug;
		};
		EB394B052258927200633DD6 /* Release */ = {
			isa = XCBuildConfiguration;
			baseConfigurationReference = 4BED519FA7FD198B0E56D173 /* Pods-avia_hack.release.xcconfig */;
			buildSettings = {
				ASSETCATALOG_COMPILER_APPICON_NAME = AppIcon;
				CODE_SIGN_STYLE = Automatic;
				DEVELOPMENT_TEAM = 4G9ZKADQEE;
				INFOPLIST_FILE = avia_hack/Info.plist;
				LD_RUNPATH_SEARCH_PATHS = (
					"$(inherited)",
					"@executable_path/Frameworks",
				);
				PRODUCT_BUNDLE_IDENTIFIER = "gnezdilov-d.avia-hack";
				PRODUCT_NAME = "$(TARGET_NAME)";
				SWIFT_VERSION = 5.0;
				TARGETED_DEVICE_FAMILY = "1,2";
			};
			name = Release;
		};
/* End XCBuildConfiguration section */

/* Begin XCConfigurationList section */
		EB394AEA2258927000633DD6 /* Build configuration list for PBXProject "avia_hack" */ = {
			isa = XCConfigurationList;
			buildConfigurations = (
				EB394B012258927200633DD6 /* Debug */,
				EB394B022258927200633DD6 /* Release */,
			);
			defaultConfigurationIsVisible = 0;
			defaultConfigurationName = Release;
		};
		EB394B032258927200633DD6 /* Build configuration list for PBXNativeTarget "avia_hack" */ = {
			isa = XCConfigurationList;
			buildConfigurations = (
				EB394B042258927200633DD6 /* Debug */,
				EB394B052258927200633DD6 /* Release */,
			);
			defaultConfigurationIsVisible = 0;
			defaultConfigurationName = Release;
		};
/* End XCConfigurationList section */
	};
	rootObject = EB394AE72258927000633DD6 /* Project object */;
}
